// !$*UTF8*$!
{
	archiveVersion = 1;
	classes = {
	};
	objectVersion = 50;
	objects = {

/* Begin PBXBuildFile section */
		54DD27512448858300FA7003 /* AppDelegate.swift in Sources */ = {isa = PBXBuildFile; fileRef = 54DD27502448858300FA7003 /* AppDelegate.swift */; };
		54DD27532448858300FA7003 /* SceneDelegate.swift in Sources */ = {isa = PBXBuildFile; fileRef = 54DD27522448858300FA7003 /* SceneDelegate.swift */; };
		54DD27552448858300FA7003 /* ViewController.swift in Sources */ = {isa = PBXBuildFile; fileRef = 54DD27542448858300FA7003 /* ViewController.swift */; };
		54DD27582448858300FA7003 /* Main.storyboard in Resources */ = {isa = PBXBuildFile; fileRef = 54DD27562448858300FA7003 /* Main.storyboard */; };
		54DD275A2448858500FA7003 /* Assets.xcassets in Resources */ = {isa = PBXBuildFile; fileRef = 54DD27592448858500FA7003 /* Assets.xcassets */; };
		54DD275D2448858500FA7003 /* LaunchScreen.storyboard in Resources */ = {isa = PBXBuildFile; fileRef = 54DD275B2448858500FA7003 /* LaunchScreen.storyboard */; };
		A4824E3C24AB233200D5E2F2 /* BASliderViewTextCell.xib in Resources */ = {isa = PBXBuildFile; fileRef = A4824E2124AB233100D5E2F2 /* BASliderViewTextCell.xib */; };
		A4824E3D24AB233200D5E2F2 /* BASliderViewHeaderCell.swift in Sources */ = {isa = PBXBuildFile; fileRef = A4824E2224AB233100D5E2F2 /* BASliderViewHeaderCell.swift */; };
		A4824E3E24AB233200D5E2F2 /* BASliderViewButtonCell.swift in Sources */ = {isa = PBXBuildFile; fileRef = A4824E2324AB233100D5E2F2 /* BASliderViewButtonCell.swift */; };
		A4824E3F24AB233200D5E2F2 /* BASliderViewImageCell.xib in Resources */ = {isa = PBXBuildFile; fileRef = A4824E2424AB233100D5E2F2 /* BASliderViewImageCell.xib */; };
		A4824E4024AB233200D5E2F2 /* BASliderViewTextCell.swift in Sources */ = {isa = PBXBuildFile; fileRef = A4824E2524AB233100D5E2F2 /* BASliderViewTextCell.swift */; };
		A4824E4124AB233200D5E2F2 /* BASlideViewDefaultTableViewCell.swift in Sources */ = {isa = PBXBuildFile; fileRef = A4824E2624AB233100D5E2F2 /* BASlideViewDefaultTableViewCell.swift */; };
		A4824E4224AB233200D5E2F2 /* BASliderViewTwoButtonCell.swift in Sources */ = {isa = PBXBuildFile; fileRef = A4824E2724AB233100D5E2F2 /* BASliderViewTwoButtonCell.swift */; };
		A4824E4324AB233200D5E2F2 /* BASliderViewButtonCell.xib in Resources */ = {isa = PBXBuildFile; fileRef = A4824E2824AB233100D5E2F2 /* BASliderViewButtonCell.xib */; };
		A4824E4424AB233200D5E2F2 /* BASliderViewHeaderCell.xib in Resources */ = {isa = PBXBuildFile; fileRef = A4824E2924AB233100D5E2F2 /* BASliderViewHeaderCell.xib */; };
		A4824E4524AB233200D5E2F2 /* BASliderViewTwoButtonCell.xib in Resources */ = {isa = PBXBuildFile; fileRef = A4824E2A24AB233100D5E2F2 /* BASliderViewTwoButtonCell.xib */; };
		A4824E4624AB233200D5E2F2 /* BASliderViewImageCell.swift in Sources */ = {isa = PBXBuildFile; fileRef = A4824E2B24AB233100D5E2F2 /* BASliderViewImageCell.swift */; };
		A4824E4724AB233200D5E2F2 /* BASliderAssets.xcassets in Resources */ = {isa = PBXBuildFile; fileRef = A4824E2C24AB233100D5E2F2 /* BASliderAssets.xcassets */; };
		A4824E4824AB233200D5E2F2 /* BASliderViewController.xib in Resources */ = {isa = PBXBuildFile; fileRef = A4824E2E24AB233100D5E2F2 /* BASliderViewController.xib */; };
		A4824E4924AB233200D5E2F2 /* BASliderViewController.swift in Sources */ = {isa = PBXBuildFile; fileRef = A4824E2F24AB233100D5E2F2 /* BASliderViewController.swift */; };
		A4824E4A24AB233200D5E2F2 /* BASliderViewCellRegister.swift in Sources */ = {isa = PBXBuildFile; fileRef = A4824E3024AB233100D5E2F2 /* BASliderViewCellRegister.swift */; };
		A4824E4B24AB233200D5E2F2 /* BASliderViewCellProperties.swift in Sources */ = {isa = PBXBuildFile; fileRef = A4824E3224AB233100D5E2F2 /* BASliderViewCellProperties.swift */; };
		A4824E4C24AB233200D5E2F2 /* BASliderItemProperties.swift in Sources */ = {isa = PBXBuildFile; fileRef = A4824E3324AB233100D5E2F2 /* BASliderItemProperties.swift */; };
		A4824E4D24AB233200D5E2F2 /* BASlideViewCellIdentifiers.swift in Sources */ = {isa = PBXBuildFile; fileRef = A4824E3424AB233100D5E2F2 /* BASlideViewCellIdentifiers.swift */; };
		A4824E4E24AB233200D5E2F2 /* BASliderProtocols.swift in Sources */ = {isa = PBXBuildFile; fileRef = A4824E3624AB233100D5E2F2 /* BASliderProtocols.swift */; };
		A4824E4F24AB233200D5E2F2 /* BASliderViewDelegates.swift in Sources */ = {isa = PBXBuildFile; fileRef = A4824E3724AB233100D5E2F2 /* BASliderViewDelegates.swift */; };
		A4824E5024AB233200D5E2F2 /* SelfSizedTableView.swift in Sources */ = {isa = PBXBuildFile; fileRef = A4824E3924AB233200D5E2F2 /* SelfSizedTableView.swift */; };
		A4824E5124AB233200D5E2F2 /* BASlideViewActionButton.swift in Sources */ = {isa = PBXBuildFile; fileRef = A4824E3A24AB233200D5E2F2 /* BASlideViewActionButton.swift */; };
		A4824E5224AB233200D5E2F2 /* BASliderView.swift in Sources */ = {isa = PBXBuildFile; fileRef = A4824E3B24AB233200D5E2F2 /* BASliderView.swift */; };
		A4824E5424AB235200D5E2F2 /* GeneralizedOverLayes.swift in Sources */ = {isa = PBXBuildFile; fileRef = A4824E5324AB235200D5E2F2 /* GeneralizedOverLayes.swift */; };
		A4824E7824AB263400D5E2F2 /* Info.plist in Resources */ = {isa = PBXBuildFile; fileRef = A4824E7724AB263400D5E2F2 /* Info.plist */; };
/* End PBXBuildFile section */

/* Begin PBXFileReference section */
		54DD274D2448858300FA7003 /* BASlider.app */ = {isa = PBXFileReference; explicitFileType = wrapper.application; includeInIndex = 0; path = BASlider.app; sourceTree = BUILT_PRODUCTS_DIR; };
		54DD27502448858300FA7003 /* AppDelegate.swift */ = {isa = PBXFileReference; lastKnownFileType = sourcecode.swift; path = AppDelegate.swift; sourceTree = "<group>"; };
		54DD27522448858300FA7003 /* SceneDelegate.swift */ = {isa = PBXFileReference; lastKnownFileType = sourcecode.swift; path = SceneDelegate.swift; sourceTree = "<group>"; };
		54DD27542448858300FA7003 /* ViewController.swift */ = {isa = PBXFileReference; lastKnownFileType = sourcecode.swift; path = ViewController.swift; sourceTree = "<group>"; };
		54DD27572448858300FA7003 /* Base */ = {isa = PBXFileReference; lastKnownFileType = file.storyboard; name = Base; path = Base.lproj/Main.storyboard; sourceTree = "<group>"; };
		54DD27592448858500FA7003 /* Assets.xcassets */ = {isa = PBXFileReference; lastKnownFileType = folder.assetcatalog; path = Assets.xcassets; sourceTree = "<group>"; };
		54DD275C2448858500FA7003 /* Base */ = {isa = PBXFileReference; lastKnownFileType = file.storyboard; name = Base; path = Base.lproj/LaunchScreen.storyboard; sourceTree = "<group>"; };
		A4824E2124AB233100D5E2F2 /* BASliderViewTextCell.xib */ = {isa = PBXFileReference; fileEncoding = 4; lastKnownFileType = file.xib; path = BASliderViewTextCell.xib; sourceTree = "<group>"; };
		A4824E2224AB233100D5E2F2 /* BASliderViewHeaderCell.swift */ = {isa = PBXFileReference; fileEncoding = 4; lastKnownFileType = sourcecode.swift; path = BASliderViewHeaderCell.swift; sourceTree = "<group>"; };
		A4824E2324AB233100D5E2F2 /* BASliderViewButtonCell.swift */ = {isa = PBXFileReference; fileEncoding = 4; lastKnownFileType = sourcecode.swift; path = BASliderViewButtonCell.swift; sourceTree = "<group>"; };
		A4824E2424AB233100D5E2F2 /* BASliderViewImageCell.xib */ = {isa = PBXFileReference; fileEncoding = 4; lastKnownFileType = file.xib; path = BASliderViewImageCell.xib; sourceTree = "<group>"; };
		A4824E2524AB233100D5E2F2 /* BASliderViewTextCell.swift */ = {isa = PBXFileReference; fileEncoding = 4; lastKnownFileType = sourcecode.swift; path = BASliderViewTextCell.swift; sourceTree = "<group>"; };
		A4824E2624AB233100D5E2F2 /* BASlideViewDefaultTableViewCell.swift */ = {isa = PBXFileReference; fileEncoding = 4; lastKnownFileType = sourcecode.swift; path = BASlideViewDefaultTableViewCell.swift; sourceTree = "<group>"; };
		A4824E2724AB233100D5E2F2 /* BASliderViewTwoButtonCell.swift */ = {isa = PBXFileReference; fileEncoding = 4; lastKnownFileType = sourcecode.swift; path = BASliderViewTwoButtonCell.swift; sourceTree = "<group>"; };
		A4824E2824AB233100D5E2F2 /* BASliderViewButtonCell.xib */ = {isa = PBXFileReference; fileEncoding = 4; lastKnownFileType = file.xib; path = BASliderViewButtonCell.xib; sourceTree = "<group>"; };
		A4824E2924AB233100D5E2F2 /* BASliderViewHeaderCell.xib */ = {isa = PBXFileReference; fileEncoding = 4; lastKnownFileType = file.xib; path = BASliderViewHeaderCell.xib; sourceTree = "<group>"; };
		A4824E2A24AB233100D5E2F2 /* BASliderViewTwoButtonCell.xib */ = {isa = PBXFileReference; fileEncoding = 4; lastKnownFileType = file.xib; path = BASliderViewTwoButtonCell.xib; sourceTree = "<group>"; };
		A4824E2B24AB233100D5E2F2 /* BASliderViewImageCell.swift */ = {isa = PBXFileReference; fileEncoding = 4; lastKnownFileType = sourcecode.swift; path = BASliderViewImageCell.swift; sourceTree = "<group>"; };
		A4824E2C24AB233100D5E2F2 /* BASliderAssets.xcassets */ = {isa = PBXFileReference; lastKnownFileType = folder.assetcatalog; path = BASliderAssets.xcassets; sourceTree = "<group>"; };
		A4824E2E24AB233100D5E2F2 /* BASliderViewController.xib */ = {isa = PBXFileReference; fileEncoding = 4; lastKnownFileType = file.xib; path = BASliderViewController.xib; sourceTree = "<group>"; };
		A4824E2F24AB233100D5E2F2 /* BASliderViewController.swift */ = {isa = PBXFileReference; fileEncoding = 4; lastKnownFileType = sourcecode.swift; path = BASliderViewController.swift; sourceTree = "<group>"; };
		A4824E3024AB233100D5E2F2 /* BASliderViewCellRegister.swift */ = {isa = PBXFileReference; fileEncoding = 4; lastKnownFileType = sourcecode.swift; path = BASliderViewCellRegister.swift; sourceTree = "<group>"; };
		A4824E3224AB233100D5E2F2 /* BASliderViewCellProperties.swift */ = {isa = PBXFileReference; fileEncoding = 4; lastKnownFileType = sourcecode.swift; path = BASliderViewCellProperties.swift; sourceTree = "<group>"; };
		A4824E3324AB233100D5E2F2 /* BASliderItemProperties.swift */ = {isa = PBXFileReference; fileEncoding = 4; lastKnownFileType = sourcecode.swift; path = BASliderItemProperties.swift; sourceTree = "<group>"; };
		A4824E3424AB233100D5E2F2 /* BASlideViewCellIdentifiers.swift */ = {isa = PBXFileReference; fileEncoding = 4; lastKnownFileType = sourcecode.swift; path = BASlideViewCellIdentifiers.swift; sourceTree = "<group>"; };
		A4824E3624AB233100D5E2F2 /* BASliderProtocols.swift */ = {isa = PBXFileReference; fileEncoding = 4; lastKnownFileType = sourcecode.swift; path = BASliderProtocols.swift; sourceTree = "<group>"; };
		A4824E3724AB233100D5E2F2 /* BASliderViewDelegates.swift */ = {isa = PBXFileReference; fileEncoding = 4; lastKnownFileType = sourcecode.swift; path = BASliderViewDelegates.swift; sourceTree = "<group>"; };
		A4824E3924AB233200D5E2F2 /* SelfSizedTableView.swift */ = {isa = PBXFileReference; fileEncoding = 4; lastKnownFileType = sourcecode.swift; path = SelfSizedTableView.swift; sourceTree = "<group>"; };
		A4824E3A24AB233200D5E2F2 /* BASlideViewActionButton.swift */ = {isa = PBXFileReference; fileEncoding = 4; lastKnownFileType = sourcecode.swift; path = BASlideViewActionButton.swift; sourceTree = "<group>"; };
		A4824E3B24AB233200D5E2F2 /* BASliderView.swift */ = {isa = PBXFileReference; fileEncoding = 4; lastKnownFileType = sourcecode.swift; path = BASliderView.swift; sourceTree = "<group>"; };
		A4824E5324AB235200D5E2F2 /* GeneralizedOverLayes.swift */ = {isa = PBXFileReference; fileEncoding = 4; lastKnownFileType = sourcecode.swift; path = GeneralizedOverLayes.swift; sourceTree = "<group>"; };
		A4824E7724AB263400D5E2F2 /* Info.plist */ = {isa = PBXFileReference; fileEncoding = 4; lastKnownFileType = text.plist.xml; path = Info.plist; sourceTree = "<group>"; };
/* End PBXFileReference section */

/* Begin PBXFrameworksBuildPhase section */
		54DD274A2448858300FA7003 /* Frameworks */ = {
			isa = PBXFrameworksBuildPhase;
			buildActionMask = 2147483647;
			files = (
			);
			runOnlyForDeploymentPostprocessing = 0;
		};
/* End PBXFrameworksBuildPhase section */

/* Begin PBXGroup section */
		54DD27442448858300FA7003 = {
			isa = PBXGroup;
			children = (
				54DD274F2448858300FA7003 /* BASlider */,
				54DD274E2448858300FA7003 /* Products */,
			);
			sourceTree = "<group>";
		};
		54DD274E2448858300FA7003 /* Products */ = {
			isa = PBXGroup;
			children = (
				54DD274D2448858300FA7003 /* BASlider.app */,
			);
			name = Products;
			sourceTree = "<group>";
		};
		54DD274F2448858300FA7003 /* BASlider */ = {
			isa = PBXGroup;
			children = (
				A4824E1F24AB233100D5E2F2 /* Source */,
				54DD27502448858300FA7003 /* AppDelegate.swift */,
				54DD27522448858300FA7003 /* SceneDelegate.swift */,
				54DD27542448858300FA7003 /* ViewController.swift */,
				54DD27562448858300FA7003 /* Main.storyboard */,
				54DD27592448858500FA7003 /* Assets.xcassets */,
				54DD275B2448858500FA7003 /* LaunchScreen.storyboard */,
				A4824E7724AB263400D5E2F2 /* Info.plist */,
			);
			path = BASlider;
			sourceTree = "<group>";
		};
		A4824E1F24AB233100D5E2F2 /* Source */ = {
			isa = PBXGroup;
			children = (
				A4824E3424AB233100D5E2F2 /* BASlideViewCellIdentifiers.swift */,
				A4824E5324AB235200D5E2F2 /* GeneralizedOverLayes.swift */,
				A4824E2024AB233100D5E2F2 /* DefaultCells */,
				A4824E2C24AB233100D5E2F2 /* BASliderAssets.xcassets */,
				A4824E2D24AB233100D5E2F2 /* Controller */,
				A4824E3124AB233100D5E2F2 /* Properties */,
				A4824E3524AB233100D5E2F2 /* Delegates */,
				A4824E3824AB233200D5E2F2 /* Views */,
			);
			path = Source;
			sourceTree = "<group>";
		};
		A4824E2024AB233100D5E2F2 /* DefaultCells */ = {
			isa = PBXGroup;
			children = (
				A4824E2124AB233100D5E2F2 /* BASliderViewTextCell.xib */,
				A4824E2224AB233100D5E2F2 /* BASliderViewHeaderCell.swift */,
				A4824E2324AB233100D5E2F2 /* BASliderViewButtonCell.swift */,
				A4824E2424AB233100D5E2F2 /* BASliderViewImageCell.xib */,
				A4824E2524AB233100D5E2F2 /* BASliderViewTextCell.swift */,
				A4824E2624AB233100D5E2F2 /* BASlideViewDefaultTableViewCell.swift */,
				A4824E2724AB233100D5E2F2 /* BASliderViewTwoButtonCell.swift */,
				A4824E2824AB233100D5E2F2 /* BASliderViewButtonCell.xib */,
				A4824E2924AB233100D5E2F2 /* BASliderViewHeaderCell.xib */,
				A4824E2A24AB233100D5E2F2 /* BASliderViewTwoButtonCell.xib */,
				A4824E2B24AB233100D5E2F2 /* BASliderViewImageCell.swift */,
			);
			path = DefaultCells;
			sourceTree = "<group>";
		};
		A4824E2D24AB233100D5E2F2 /* Controller */ = {
			isa = PBXGroup;
			children = (
				A4824E2E24AB233100D5E2F2 /* BASliderViewController.xib */,
				A4824E2F24AB233100D5E2F2 /* BASliderViewController.swift */,
				A4824E3024AB233100D5E2F2 /* BASliderViewCellRegister.swift */,
			);
			path = Controller;
			sourceTree = "<group>";
		};
		A4824E3124AB233100D5E2F2 /* Properties */ = {
			isa = PBXGroup;
			children = (
				A4824E3224AB233100D5E2F2 /* BASliderViewCellProperties.swift */,
				A4824E3324AB233100D5E2F2 /* BASliderItemProperties.swift */,
			);
			path = Properties;
			sourceTree = "<group>";
		};
		A4824E3524AB233100D5E2F2 /* Delegates */ = {
			isa = PBXGroup;
			children = (
				A4824E3624AB233100D5E2F2 /* BASliderProtocols.swift */,
				A4824E3724AB233100D5E2F2 /* BASliderViewDelegates.swift */,
			);
			path = Delegates;
			sourceTree = "<group>";
		};
		A4824E3824AB233200D5E2F2 /* Views */ = {
			isa = PBXGroup;
			children = (
				A4824E3924AB233200D5E2F2 /* SelfSizedTableView.swift */,
				A4824E3A24AB233200D5E2F2 /* BASlideViewActionButton.swift */,
				A4824E3B24AB233200D5E2F2 /* BASliderView.swift */,
			);
			path = Views;
			sourceTree = "<group>";
		};
/* End PBXGroup section */

/* Begin PBXNativeTarget section */
		54DD274C2448858300FA7003 /* BASlider */ = {
			isa = PBXNativeTarget;
			buildConfigurationList = 54DD27612448858500FA7003 /* Build configuration list for PBXNativeTarget "BASlider" */;
			buildPhases = (
				54DD27492448858300FA7003 /* Sources */,
				54DD274A2448858300FA7003 /* Frameworks */,
				54DD274B2448858300FA7003 /* Resources */,
			);
			buildRules = (
			);
			dependencies = (
			);
			name = BASlider;
			productName = BASlider;
			productReference = 54DD274D2448858300FA7003 /* BASlider.app */;
			productType = "com.apple.product-type.application";
		};
/* End PBXNativeTarget section */

/* Begin PBXProject section */
		54DD27452448858300FA7003 /* Project object */ = {
			isa = PBXProject;
			attributes = {
				LastSwiftUpdateCheck = 1130;
				LastUpgradeCheck = 1130;
				ORGANIZATIONNAME = Betto;
				TargetAttributes = {
					54DD274C2448858300FA7003 = {
						CreatedOnToolsVersion = 11.3;
					};
				};
			};
			buildConfigurationList = 54DD27482448858300FA7003 /* Build configuration list for PBXProject "BASlider" */;
			compatibilityVersion = "Xcode 9.3";
			developmentRegion = en;
			hasScannedForEncodings = 0;
			knownRegions = (
				en,
				Base,
			);
			mainGroup = 54DD27442448858300FA7003;
			productRefGroup = 54DD274E2448858300FA7003 /* Products */;
			projectDirPath = "";
			projectRoot = "";
			targets = (
				54DD274C2448858300FA7003 /* BASlider */,
			);
		};
/* End PBXProject section */

/* Begin PBXResourcesBuildPhase section */
		54DD274B2448858300FA7003 /* Resources */ = {
			isa = PBXResourcesBuildPhase;
			buildActionMask = 2147483647;
			files = (
				A4824E4324AB233200D5E2F2 /* BASliderViewButtonCell.xib in Resources */,
				54DD275D2448858500FA7003 /* LaunchScreen.storyboard in Resources */,
				A4824E4824AB233200D5E2F2 /* BASliderViewController.xib in Resources */,
				54DD275A2448858500FA7003 /* Assets.xcassets in Resources */,
				A4824E3F24AB233200D5E2F2 /* BASliderViewImageCell.xib in Resources */,
				54DD27582448858300FA7003 /* Main.storyboard in Resources */,
				A4824E4524AB233200D5E2F2 /* BASliderViewTwoButtonCell.xib in Resources */,
				A4824E3C24AB233200D5E2F2 /* BASliderViewTextCell.xib in Resources */,
				A4824E7824AB263400D5E2F2 /* Info.plist in Resources */,
				A4824E4724AB233200D5E2F2 /* BASliderAssets.xcassets in Resources */,
				A4824E4424AB233200D5E2F2 /* BASliderViewHeaderCell.xib in Resources */,
			);
			runOnlyForDeploymentPostprocessing = 0;
		};
/* End PBXResourcesBuildPhase section */

/* Begin PBXSourcesBuildPhase section */
		54DD27492448858300FA7003 /* Sources */ = {
			isa = PBXSourcesBuildPhase;
			buildActionMask = 2147483647;
			files = (
				A4824E4924AB233200D5E2F2 /* BASliderViewController.swift in Sources */,
				A4824E5424AB235200D5E2F2 /* GeneralizedOverLayes.swift in Sources */,
				A4824E5024AB233200D5E2F2 /* SelfSizedTableView.swift in Sources */,
				A4824E4124AB233200D5E2F2 /* BASlideViewDefaultTableViewCell.swift in Sources */,
				A4824E4224AB233200D5E2F2 /* BASliderViewTwoButtonCell.swift in Sources */,
				A4824E4624AB233200D5E2F2 /* BASliderViewImageCell.swift in Sources */,
				A4824E4C24AB233200D5E2F2 /* BASliderItemProperties.swift in Sources */,
				A4824E5224AB233200D5E2F2 /* BASliderView.swift in Sources */,
				A4824E4F24AB233200D5E2F2 /* BASliderViewDelegates.swift in Sources */,
				A4824E5124AB233200D5E2F2 /* BASlideViewActionButton.swift in Sources */,
				A4824E4E24AB233200D5E2F2 /* BASliderProtocols.swift in Sources */,
				A4824E3E24AB233200D5E2F2 /* BASliderViewButtonCell.swift in Sources */,
				A4824E4D24AB233200D5E2F2 /* BASlideViewCellIdentifiers.swift in Sources */,
				A4824E4024AB233200D5E2F2 /* BASliderViewTextCell.swift in Sources */,
				A4824E4A24AB233200D5E2F2 /* BASliderViewCellRegister.swift in Sources */,
				54DD27552448858300FA7003 /* ViewController.swift in Sources */,
				A4824E3D24AB233200D5E2F2 /* BASliderViewHeaderCell.swift in Sources */,
				54DD27512448858300FA7003 /* AppDelegate.swift in Sources */,
				A4824E4B24AB233200D5E2F2 /* BASliderViewCellProperties.swift in Sources */,
				54DD27532448858300FA7003 /* SceneDelegate.swift in Sources */,
			);
			runOnlyForDeploymentPostprocessing = 0;
		};
/* End PBXSourcesBuildPhase section */

/* Begin PBXVariantGroup section */
		54DD27562448858300FA7003 /* Main.storyboard */ = {
			isa = PBXVariantGroup;
			children = (
				54DD27572448858300FA7003 /* Base */,
			);
			name = Main.storyboard;
			sourceTree = "<group>";
		};
		54DD275B2448858500FA7003 /* LaunchScreen.storyboard */ = {
			isa = PBXVariantGroup;
			children = (
				54DD275C2448858500FA7003 /* Base */,
			);
			name = LaunchScreen.storyboard;
			sourceTree = "<group>";
		};
/* End PBXVariantGroup section */

/* Begin XCBuildConfiguration section */
		54DD275F2448858500FA7003 /* Debug */ = {
			isa = XCBuildConfiguration;
			buildSettings = {
				ALWAYS_SEARCH_USER_PATHS = NO;
				CLANG_ANALYZER_NONNULL = YES;
				CLANG_ANALYZER_NUMBER_OBJECT_CONVERSION = YES_AGGRESSIVE;
				CLANG_CXX_LANGUAGE_STANDARD = "gnu++14";
				CLANG_CXX_LIBRARY = "libc++";
				CLANG_ENABLE_MODULES = YES;
				CLANG_ENABLE_OBJC_ARC = YES;
				CLANG_ENABLE_OBJC_WEAK = YES;
				CLANG_WARN_BLOCK_CAPTURE_AUTORELEASING = YES;
				CLANG_WARN_BOOL_CONVERSION = YES;
				CLANG_WARN_COMMA = YES;
				CLANG_WARN_CONSTANT_CONVERSION = YES;
				CLANG_WARN_DEPRECATED_OBJC_IMPLEMENTATIONS = YES;
				CLANG_WARN_DIRECT_OBJC_ISA_USAGE = YES_ERROR;
				CLANG_WARN_DOCUMENTATION_COMMENTS = YES;
				CLANG_WARN_EMPTY_BODY = YES;
				CLANG_WARN_ENUM_CONVERSION = YES;
				CLANG_WARN_INFINITE_RECURSION = YES;
				CLANG_WARN_INT_CONVERSION = YES;
				CLANG_WARN_NON_LITERAL_NULL_CONVERSION = YES;
				CLANG_WARN_OBJC_IMPLICIT_RETAIN_SELF = YES;
				CLANG_WARN_OBJC_LITERAL_CONVERSION = YES;
				CLANG_WARN_OBJC_ROOT_CLASS = YES_ERROR;
				CLANG_WARN_RANGE_LOOP_ANALYSIS = YES;
				CLANG_WARN_STRICT_PROTOTYPES = YES;
				CLANG_WARN_SUSPICIOUS_MOVE = YES;
				CLANG_WARN_UNGUARDED_AVAILABILITY = YES_AGGRESSIVE;
				CLANG_WARN_UNREACHABLE_CODE = YES;
				CLANG_WARN__DUPLICATE_METHOD_MATCH = YES;
				COPY_PHASE_STRIP = NO;
				DEBUG_INFORMATION_FORMAT = dwarf;
				ENABLE_STRICT_OBJC_MSGSEND = YES;
				ENABLE_TESTABILITY = YES;
				GCC_C_LANGUAGE_STANDARD = gnu11;
				GCC_DYNAMIC_NO_PIC = NO;
				GCC_NO_COMMON_BLOCKS = YES;
				GCC_OPTIMIZATION_LEVEL = 0;
				GCC_PREPROCESSOR_DEFINITIONS = (
					"DEBUG=1",
					"$(inherited)",
				);
				GCC_WARN_64_TO_32_BIT_CONVERSION = YES;
				GCC_WARN_ABOUT_RETURN_TYPE = YES_ERROR;
				GCC_WARN_UNDECLARED_SELECTOR = YES;
				GCC_WARN_UNINITIALIZED_AUTOS = YES_AGGRESSIVE;
				GCC_WARN_UNUSED_FUNCTION = YES;
				GCC_WARN_UNUSED_VARIABLE = YES;
				IPHONEOS_DEPLOYMENT_TARGET = 13.2;
				MTL_ENABLE_DEBUG_INFO = INCLUDE_SOURCE;
				MTL_FAST_MATH = YES;
				ONLY_ACTIVE_ARCH = YES;
				SDKROOT = iphoneos;
				SWIFT_ACTIVE_COMPILATION_CONDITIONS = DEBUG;
				SWIFT_OPTIMIZATION_LEVEL = "-Onone";
			};
			name = Debug;
		};
		54DD27602448858500FA7003 /* Release */ = {
			isa = XCBuildConfiguration;
			buildSettings = {
				ALWAYS_SEARCH_USER_PATHS = NO;
				CLANG_ANALYZER_NONNULL = YES;
				CLANG_ANALYZER_NUMBER_OBJECT_CONVERSION = YES_AGGRESSIVE;
				CLANG_CXX_LANGUAGE_STANDARD = "gnu++14";
				CLANG_CXX_LIBRARY = "libc++";
				CLANG_ENABLE_MODULES = YES;
				CLANG_ENABLE_OBJC_ARC = YES;
				CLANG_ENABLE_OBJC_WEAK = YES;
				CLANG_WARN_BLOCK_CAPTURE_AUTORELEASING = YES;
				CLANG_WARN_BOOL_CONVERSION = YES;
				CLANG_WARN_COMMA = YES;
				CLANG_WARN_CONSTANT_CONVERSION = YES;
				CLANG_WARN_DEPRECATED_OBJC_IMPLEMENTATIONS = YES;
				CLANG_WARN_DIRECT_OBJC_ISA_USAGE = YES_ERROR;
				CLANG_WARN_DOCUMENTATION_COMMENTS = YES;
				CLANG_WARN_EMPTY_BODY = YES;
				CLANG_WARN_ENUM_CONVERSION = YES;
				CLANG_WARN_INFINITE_RECURSION = YES;
				CLANG_WARN_INT_CONVERSION = YES;
				CLANG_WARN_NON_LITERAL_NULL_CONVERSION = YES;
				CLANG_WARN_OBJC_IMPLICIT_RETAIN_SELF = YES;
				CLANG_WARN_OBJC_LITERAL_CONVERSION = YES;
				CLANG_WARN_OBJC_ROOT_CLASS = YES_ERROR;
				CLANG_WARN_RANGE_LOOP_ANALYSIS = YES;
				CLANG_WARN_STRICT_PROTOTYPES = YES;
				CLANG_WARN_SUSPICIOUS_MOVE = YES;
				CLANG_WARN_UNGUARDED_AVAILABILITY = YES_AGGRESSIVE;
				CLANG_WARN_UNREACHABLE_CODE = YES;
				CLANG_WARN__DUPLICATE_METHOD_MATCH = YES;
				COPY_PHASE_STRIP = NO;
				DEBUG_INFORMATION_FORMAT = "dwarf-with-dsym";
				ENABLE_NS_ASSERTIONS = NO;
				ENABLE_STRICT_OBJC_MSGSEND = YES;
				GCC_C_LANGUAGE_STANDARD = gnu11;
				GCC_NO_COMMON_BLOCKS = YES;
				GCC_WARN_64_TO_32_BIT_CONVERSION = YES;
				GCC_WARN_ABOUT_RETURN_TYPE = YES_ERROR;
				GCC_WARN_UNDECLARED_SELECTOR = YES;
				GCC_WARN_UNINITIALIZED_AUTOS = YES_AGGRESSIVE;
				GCC_WARN_UNUSED_FUNCTION = YES;
				GCC_WARN_UNUSED_VARIABLE = YES;
				IPHONEOS_DEPLOYMENT_TARGET = 13.2;
				MTL_ENABLE_DEBUG_INFO = NO;
				MTL_FAST_MATH = YES;
				SDKROOT = iphoneos;
				SWIFT_COMPILATION_MODE = wholemodule;
				SWIFT_OPTIMIZATION_LEVEL = "-O";
				VALIDATE_PRODUCT = YES;
			};
			name = Release;
		};
		54DD27622448858500FA7003 /* Debug */ = {
			isa = XCBuildConfiguration;
			buildSettings = {
				ASSETCATALOG_COMPILER_APPICON_NAME = AppIcon;
				CODE_SIGN_STYLE = Automatic;
				INFOPLIST_FILE = BASlider/Info.plist;
				IPHONEOS_DEPLOYMENT_TARGET = 10.0;
				LD_RUNPATH_SEARCH_PATHS = (
					"$(inherited)",
					"@executable_path/Frameworks",
				);
				PRODUCT_BUNDLE_IDENTIFIER = Betto.BASlider;
				PRODUCT_NAME = "$(TARGET_NAME)";
				SWIFT_VERSION = 5.0;
				TARGETED_DEVICE_FAMILY = 1;
			};
			name = Debug;
		};
		54DD27632448858500FA7003 /* Release */ = {
			isa = XCBuildConfiguration;
			buildSettings = {
				ASSETCATALOG_COMPILER_APPICON_NAME = AppIcon;
				CODE_SIGN_STYLE = Automatic;
				INFOPLIST_FILE = BASlider/Info.plist;
				IPHONEOS_DEPLOYMENT_TARGET = 10.0;
				LD_RUNPATH_SEARCH_PATHS = (
					"$(inherited)",
					"@executable_path/Frameworks",
				);
				PRODUCT_BUNDLE_IDENTIFIER = Betto.BASlider;
				PRODUCT_NAME = "$(TARGET_NAME)";
				SWIFT_VERSION = 5.0;
				TARGETED_DEVICE_FAMILY = 1;
			};
			name = Release;
		};
/* End XCBuildConfiguration section */

/* Begin XCConfigurationList section */
		54DD27482448858300FA7003 /* Build configuration list for PBXProject "BASlider" */ = {
			isa = XCConfigurationList;
			buildConfigurations = (
				54DD275F2448858500FA7003 /* Debug */,
				54DD27602448858500FA7003 /* Release */,
			);
			defaultConfigurationIsVisible = 0;
			defaultConfigurationName = Release;
		};
		54DD27612448858500FA7003 /* Build configuration list for PBXNativeTarget "BASlider" */ = {
			isa = XCConfigurationList;
			buildConfigurations = (
				54DD27622448858500FA7003 /* Debug */,
				54DD27632448858500FA7003 /* Release */,
			);
			defaultConfigurationIsVisible = 0;
			defaultConfigurationName = Release;
		};
/* End XCConfigurationList section */
	};
	rootObject = 54DD27452448858300FA7003 /* Project object */;
}
