// !$*UTF8*$!
{
	archiveVersion = 1;
	classes = {
	};
	objectVersion = 50;
	objects = {

/* Begin PBXBuildFile section */
		543116A32449279400F1A95D /* BASliderProtocols.swift in Sources */ = {isa = PBXBuildFile; fileRef = 543116A22449279400F1A95D /* BASliderProtocols.swift */; };
		54384DC024494A8300182291 /* BASliderItemProperties.swift in Sources */ = {isa = PBXBuildFile; fileRef = 54384DBF24494A8300182291 /* BASliderItemProperties.swift */; };
		54C1BCA724493660003D2DCC /* BASliderViewDelegates.swift in Sources */ = {isa = PBXBuildFile; fileRef = 54C1BCA624493660003D2DCC /* BASliderViewDelegates.swift */; };
		54C1BCA92449372D003D2DCC /* BASlideViewActionButton.swift in Sources */ = {isa = PBXBuildFile; fileRef = 54C1BCA82449372D003D2DCC /* BASlideViewActionButton.swift */; };
		54C1BCAE24493D6D003D2DCC /* BASliderViewTwoButtonCell.swift in Sources */ = {isa = PBXBuildFile; fileRef = 54C1BCAC24493D6D003D2DCC /* BASliderViewTwoButtonCell.swift */; };
		54C1BCAF24493D6D003D2DCC /* BASliderViewTwoButtonCell.xib in Resources */ = {isa = PBXBuildFile; fileRef = 54C1BCAD24493D6D003D2DCC /* BASliderViewTwoButtonCell.xib */; };
		54DD27512448858300FA7003 /* AppDelegate.swift in Sources */ = {isa = PBXBuildFile; fileRef = 54DD27502448858300FA7003 /* AppDelegate.swift */; };
		54DD27532448858300FA7003 /* SceneDelegate.swift in Sources */ = {isa = PBXBuildFile; fileRef = 54DD27522448858300FA7003 /* SceneDelegate.swift */; };
		54DD27552448858300FA7003 /* ViewController.swift in Sources */ = {isa = PBXBuildFile; fileRef = 54DD27542448858300FA7003 /* ViewController.swift */; };
		54DD27582448858300FA7003 /* Main.storyboard in Resources */ = {isa = PBXBuildFile; fileRef = 54DD27562448858300FA7003 /* Main.storyboard */; };
		54DD275A2448858500FA7003 /* Assets.xcassets in Resources */ = {isa = PBXBuildFile; fileRef = 54DD27592448858500FA7003 /* Assets.xcassets */; };
		54DD275D2448858500FA7003 /* LaunchScreen.storyboard in Resources */ = {isa = PBXBuildFile; fileRef = 54DD275B2448858500FA7003 /* LaunchScreen.storyboard */; };
		54DD276E2448861300FA7003 /* SelfSizedTableView.swift in Sources */ = {isa = PBXBuildFile; fileRef = 54DD276D2448861300FA7003 /* SelfSizedTableView.swift */; };
		54DD27752448876B00FA7003 /* BASliderViewController.swift in Sources */ = {isa = PBXBuildFile; fileRef = 54DD27732448876B00FA7003 /* BASliderViewController.swift */; };
		54DD27762448876B00FA7003 /* BASliderViewController.xib in Resources */ = {isa = PBXBuildFile; fileRef = 54DD27742448876B00FA7003 /* BASliderViewController.xib */; };
		54DD2778244895C800FA7003 /* BASliderView.swift in Sources */ = {isa = PBXBuildFile; fileRef = 54DD2777244895C800FA7003 /* BASliderView.swift */; };
		54DD277A244897B000FA7003 /* BASliderViewCellRegister.swift in Sources */ = {isa = PBXBuildFile; fileRef = 54DD2779244897B000FA7003 /* BASliderViewCellRegister.swift */; };
		54DD277D2448A40600FA7003 /* BASliderViewHeaderCell.swift in Sources */ = {isa = PBXBuildFile; fileRef = 54DD277B2448A40600FA7003 /* BASliderViewHeaderCell.swift */; };
		54DD277E2448A40600FA7003 /* BASliderViewHeaderCell.xib in Resources */ = {isa = PBXBuildFile; fileRef = 54DD277C2448A40600FA7003 /* BASliderViewHeaderCell.xib */; };
		54DD27802448A43E00FA7003 /* BASliderAssets.xcassets in Resources */ = {isa = PBXBuildFile; fileRef = 54DD277F2448A43E00FA7003 /* BASliderAssets.xcassets */; };
		54DD27822448A6A200FA7003 /* BASlideViewCellIdentifiers.swift in Sources */ = {isa = PBXBuildFile; fileRef = 54DD27812448A6A200FA7003 /* BASlideViewCellIdentifiers.swift */; };
		54DD27842448A9C000FA7003 /* BASliderViewCellProperties.swift in Sources */ = {isa = PBXBuildFile; fileRef = 54DD27832448A9C000FA7003 /* BASliderViewCellProperties.swift */; };
		54DD27882448AF8B00FA7003 /* BASliderViewImageCell.swift in Sources */ = {isa = PBXBuildFile; fileRef = 54DD27862448AF8B00FA7003 /* BASliderViewImageCell.swift */; };
		54DD27892448AF8B00FA7003 /* BASliderViewImageCell.xib in Resources */ = {isa = PBXBuildFile; fileRef = 54DD27872448AF8B00FA7003 /* BASliderViewImageCell.xib */; };
		54DD278C2448AFAA00FA7003 /* BASliderViewTextCell.swift in Sources */ = {isa = PBXBuildFile; fileRef = 54DD278A2448AFAA00FA7003 /* BASliderViewTextCell.swift */; };
		54DD278D2448AFAA00FA7003 /* BASliderViewTextCell.xib in Resources */ = {isa = PBXBuildFile; fileRef = 54DD278B2448AFAA00FA7003 /* BASliderViewTextCell.xib */; };
		54DD27902448AFBC00FA7003 /* BASliderViewButtonCell.swift in Sources */ = {isa = PBXBuildFile; fileRef = 54DD278E2448AFBC00FA7003 /* BASliderViewButtonCell.swift */; };
		54DD27912448AFBC00FA7003 /* BASliderViewButtonCell.xib in Resources */ = {isa = PBXBuildFile; fileRef = 54DD278F2448AFBC00FA7003 /* BASliderViewButtonCell.xib */; };
		54DD27932448D5D200FA7003 /* BASlideViewDefaultTableViewCell.swift in Sources */ = {isa = PBXBuildFile; fileRef = 54DD27922448D5D200FA7003 /* BASlideViewDefaultTableViewCell.swift */; };
/* End PBXBuildFile section */

/* Begin PBXFileReference section */
		543116A22449279400F1A95D /* BASliderProtocols.swift */ = {isa = PBXFileReference; lastKnownFileType = sourcecode.swift; path = BASliderProtocols.swift; sourceTree = "<group>"; };
		54384DBF24494A8300182291 /* BASliderItemProperties.swift */ = {isa = PBXFileReference; lastKnownFileType = sourcecode.swift; path = BASliderItemProperties.swift; sourceTree = "<group>"; };
		54C1BCA624493660003D2DCC /* BASliderViewDelegates.swift */ = {isa = PBXFileReference; lastKnownFileType = sourcecode.swift; path = BASliderViewDelegates.swift; sourceTree = "<group>"; };
		54C1BCA82449372D003D2DCC /* BASlideViewActionButton.swift */ = {isa = PBXFileReference; lastKnownFileType = sourcecode.swift; path = BASlideViewActionButton.swift; sourceTree = "<group>"; };
		54C1BCAC24493D6D003D2DCC /* BASliderViewTwoButtonCell.swift */ = {isa = PBXFileReference; lastKnownFileType = sourcecode.swift; path = BASliderViewTwoButtonCell.swift; sourceTree = "<group>"; };
		54C1BCAD24493D6D003D2DCC /* BASliderViewTwoButtonCell.xib */ = {isa = PBXFileReference; lastKnownFileType = file.xib; path = BASliderViewTwoButtonCell.xib; sourceTree = "<group>"; };
		54DD274D2448858300FA7003 /* BASlider.app */ = {isa = PBXFileReference; explicitFileType = wrapper.application; includeInIndex = 0; path = BASlider.app; sourceTree = BUILT_PRODUCTS_DIR; };
		54DD27502448858300FA7003 /* AppDelegate.swift */ = {isa = PBXFileReference; lastKnownFileType = sourcecode.swift; path = AppDelegate.swift; sourceTree = "<group>"; };
		54DD27522448858300FA7003 /* SceneDelegate.swift */ = {isa = PBXFileReference; lastKnownFileType = sourcecode.swift; path = SceneDelegate.swift; sourceTree = "<group>"; };
		54DD27542448858300FA7003 /* ViewController.swift */ = {isa = PBXFileReference; lastKnownFileType = sourcecode.swift; path = ViewController.swift; sourceTree = "<group>"; };
		54DD27572448858300FA7003 /* Base */ = {isa = PBXFileReference; lastKnownFileType = file.storyboard; name = Base; path = Base.lproj/Main.storyboard; sourceTree = "<group>"; };
		54DD27592448858500FA7003 /* Assets.xcassets */ = {isa = PBXFileReference; lastKnownFileType = folder.assetcatalog; path = Assets.xcassets; sourceTree = "<group>"; };
		54DD275C2448858500FA7003 /* Base */ = {isa = PBXFileReference; lastKnownFileType = file.storyboard; name = Base; path = Base.lproj/LaunchScreen.storyboard; sourceTree = "<group>"; };
		54DD275E2448858500FA7003 /* Info.plist */ = {isa = PBXFileReference; lastKnownFileType = text.plist.xml; path = Info.plist; sourceTree = "<group>"; };
		54DD276D2448861300FA7003 /* SelfSizedTableView.swift */ = {isa = PBXFileReference; lastKnownFileType = sourcecode.swift; path = SelfSizedTableView.swift; sourceTree = "<group>"; };
		54DD27732448876B00FA7003 /* BASliderViewController.swift */ = {isa = PBXFileReference; lastKnownFileType = sourcecode.swift; path = BASliderViewController.swift; sourceTree = "<group>"; };
		54DD27742448876B00FA7003 /* BASliderViewController.xib */ = {isa = PBXFileReference; lastKnownFileType = file.xib; path = BASliderViewController.xib; sourceTree = "<group>"; };
		54DD2777244895C800FA7003 /* BASliderView.swift */ = {isa = PBXFileReference; lastKnownFileType = sourcecode.swift; path = BASliderView.swift; sourceTree = "<group>"; };
		54DD2779244897B000FA7003 /* BASliderViewCellRegister.swift */ = {isa = PBXFileReference; lastKnownFileType = sourcecode.swift; path = BASliderViewCellRegister.swift; sourceTree = "<group>"; };
		54DD277B2448A40600FA7003 /* BASliderViewHeaderCell.swift */ = {isa = PBXFileReference; lastKnownFileType = sourcecode.swift; path = BASliderViewHeaderCell.swift; sourceTree = "<group>"; };
		54DD277C2448A40600FA7003 /* BASliderViewHeaderCell.xib */ = {isa = PBXFileReference; lastKnownFileType = file.xib; path = BASliderViewHeaderCell.xib; sourceTree = "<group>"; };
		54DD277F2448A43E00FA7003 /* BASliderAssets.xcassets */ = {isa = PBXFileReference; lastKnownFileType = folder.assetcatalog; path = BASliderAssets.xcassets; sourceTree = "<group>"; };
		54DD27812448A6A200FA7003 /* BASlideViewCellIdentifiers.swift */ = {isa = PBXFileReference; lastKnownFileType = sourcecode.swift; path = BASlideViewCellIdentifiers.swift; sourceTree = "<group>"; };
		54DD27832448A9C000FA7003 /* BASliderViewCellProperties.swift */ = {isa = PBXFileReference; lastKnownFileType = sourcecode.swift; path = BASliderViewCellProperties.swift; sourceTree = "<group>"; };
		54DD27862448AF8B00FA7003 /* BASliderViewImageCell.swift */ = {isa = PBXFileReference; lastKnownFileType = sourcecode.swift; path = BASliderViewImageCell.swift; sourceTree = "<group>"; };
		54DD27872448AF8B00FA7003 /* BASliderViewImageCell.xib */ = {isa = PBXFileReference; lastKnownFileType = file.xib; path = BASliderViewImageCell.xib; sourceTree = "<group>"; };
		54DD278A2448AFAA00FA7003 /* BASliderViewTextCell.swift */ = {isa = PBXFileReference; lastKnownFileType = sourcecode.swift; path = BASliderViewTextCell.swift; sourceTree = "<group>"; };
		54DD278B2448AFAA00FA7003 /* BASliderViewTextCell.xib */ = {isa = PBXFileReference; lastKnownFileType = file.xib; path = BASliderViewTextCell.xib; sourceTree = "<group>"; };
		54DD278E2448AFBC00FA7003 /* BASliderViewButtonCell.swift */ = {isa = PBXFileReference; lastKnownFileType = sourcecode.swift; path = BASliderViewButtonCell.swift; sourceTree = "<group>"; };
		54DD278F2448AFBC00FA7003 /* BASliderViewButtonCell.xib */ = {isa = PBXFileReference; lastKnownFileType = file.xib; path = BASliderViewButtonCell.xib; sourceTree = "<group>"; };
		54DD27922448D5D200FA7003 /* BASlideViewDefaultTableViewCell.swift */ = {isa = PBXFileReference; lastKnownFileType = sourcecode.swift; path = BASlideViewDefaultTableViewCell.swift; sourceTree = "<group>"; };
/* End PBXFileReference section */

/* Begin PBXFrameworksBuildPhase section */
		54DD274A2448858300FA7003 /* Frameworks */ = {
			isa = PBXFrameworksBuildPhase;
			buildActionMask = 2147483647;
			files = (
			);
			runOnlyForDeploymentPostprocessing = 0;
		};
/* End PBXFrameworksBuildPhase section */

/* Begin PBXGroup section */
		54C1BCB024493D7E003D2DCC /* Views */ = {
			isa = PBXGroup;
			children = (
				54DD2777244895C800FA7003 /* BASliderView.swift */,
				54DD276D2448861300FA7003 /* SelfSizedTableView.swift */,
				54C1BCA82449372D003D2DCC /* BASlideViewActionButton.swift */,
			);
			path = Views;
			sourceTree = "<group>";
		};
		54C1BCB124493D9C003D2DCC /* Delegates */ = {
			isa = PBXGroup;
			children = (
				54C1BCA624493660003D2DCC /* BASliderViewDelegates.swift */,
				543116A22449279400F1A95D /* BASliderProtocols.swift */,
			);
			path = Delegates;
			sourceTree = "<group>";
		};
		54C1BCB224493DD1003D2DCC /* Controller */ = {
			isa = PBXGroup;
			children = (
				54DD27732448876B00FA7003 /* BASliderViewController.swift */,
				54DD27742448876B00FA7003 /* BASliderViewController.xib */,
				54DD2779244897B000FA7003 /* BASliderViewCellRegister.swift */,
			);
			path = Controller;
			sourceTree = "<group>";
		};
		54C1BCB324493DF8003D2DCC /* Properties */ = {
			isa = PBXGroup;
			children = (
				54DD27832448A9C000FA7003 /* BASliderViewCellProperties.swift */,
				54384DBF24494A8300182291 /* BASliderItemProperties.swift */,
			);
			path = Properties;
			sourceTree = "<group>";
		};
		54DD27442448858300FA7003 = {
			isa = PBXGroup;
			children = (
				54DD274F2448858300FA7003 /* BASlider */,
				54DD274E2448858300FA7003 /* Products */,
			);
			sourceTree = "<group>";
		};
		54DD274E2448858300FA7003 /* Products */ = {
			isa = PBXGroup;
			children = (
				54DD274D2448858300FA7003 /* BASlider.app */,
			);
			name = Products;
			sourceTree = "<group>";
		};
		54DD274F2448858300FA7003 /* BASlider */ = {
			isa = PBXGroup;
			children = (
				54DD276C244885EE00FA7003 /* Source */,
				54DD27502448858300FA7003 /* AppDelegate.swift */,
				54DD27522448858300FA7003 /* SceneDelegate.swift */,
				54DD27542448858300FA7003 /* ViewController.swift */,
				54DD27562448858300FA7003 /* Main.storyboard */,
				54DD27592448858500FA7003 /* Assets.xcassets */,
				54DD275B2448858500FA7003 /* LaunchScreen.storyboard */,
				54DD275E2448858500FA7003 /* Info.plist */,
			);
			path = BASlider;
			sourceTree = "<group>";
		};
		54DD276C244885EE00FA7003 /* Source */ = {
			isa = PBXGroup;
			children = (
				54DD27812448A6A200FA7003 /* BASlideViewCellIdentifiers.swift */,
				54C1BCB024493D7E003D2DCC /* Views */,
				54C1BCB224493DD1003D2DCC /* Controller */,
				54C1BCB124493D9C003D2DCC /* Delegates */,
				54C1BCB324493DF8003D2DCC /* Properties */,
				54DD27852448AF6100FA7003 /* DefaultCells */,
				54DD277F2448A43E00FA7003 /* BASliderAssets.xcassets */,
			);
			path = Source;
			sourceTree = "<group>";
		};
		54DD27852448AF6100FA7003 /* DefaultCells */ = {
			isa = PBXGroup;
			children = (
				54DD27922448D5D200FA7003 /* BASlideViewDefaultTableViewCell.swift */,
				54DD277B2448A40600FA7003 /* BASliderViewHeaderCell.swift */,
				54DD277C2448A40600FA7003 /* BASliderViewHeaderCell.xib */,
				54DD27862448AF8B00FA7003 /* BASliderViewImageCell.swift */,
				54DD27872448AF8B00FA7003 /* BASliderViewImageCell.xib */,
				54DD278A2448AFAA00FA7003 /* BASliderViewTextCell.swift */,
				54DD278B2448AFAA00FA7003 /* BASliderViewTextCell.xib */,
				54DD278E2448AFBC00FA7003 /* BASliderViewButtonCell.swift */,
				54DD278F2448AFBC00FA7003 /* BASliderViewButtonCell.xib */,
				54C1BCAC24493D6D003D2DCC /* BASliderViewTwoButtonCell.swift */,
				54C1BCAD24493D6D003D2DCC /* BASliderViewTwoButtonCell.xib */,
			);
			path = DefaultCells;
			sourceTree = "<group>";
		};
/* End PBXGroup section */

/* Begin PBXNativeTarget section */
		54DD274C2448858300FA7003 /* BASlider */ = {
			isa = PBXNativeTarget;
			buildConfigurationList = 54DD27612448858500FA7003 /* Build configuration list for PBXNativeTarget "BASlider" */;
			buildPhases = (
				54DD27492448858300FA7003 /* Sources */,
				54DD274A2448858300FA7003 /* Frameworks */,
				54DD274B2448858300FA7003 /* Resources */,
			);
			buildRules = (
			);
			dependencies = (
			);
			name = BASlider;
			productName = BASlider;
			productReference = 54DD274D2448858300FA7003 /* BASlider.app */;
			productType = "com.apple.product-type.application";
		};
/* End PBXNativeTarget section */

/* Begin PBXProject section */
		54DD27452448858300FA7003 /* Project object */ = {
			isa = PBXProject;
			attributes = {
				LastSwiftUpdateCheck = 1130;
				LastUpgradeCheck = 1130;
				ORGANIZATIONNAME = Betto;
				TargetAttributes = {
					54DD274C2448858300FA7003 = {
						CreatedOnToolsVersion = 11.3;
					};
				};
			};
			buildConfigurationList = 54DD27482448858300FA7003 /* Build configuration list for PBXProject "BASlider" */;
			compatibilityVersion = "Xcode 9.3";
			developmentRegion = en;
			hasScannedForEncodings = 0;
			knownRegions = (
				en,
				Base,
			);
			mainGroup = 54DD27442448858300FA7003;
			productRefGroup = 54DD274E2448858300FA7003 /* Products */;
			projectDirPath = "";
			projectRoot = "";
			targets = (
				54DD274C2448858300FA7003 /* BASlider */,
			);
		};
/* End PBXProject section */

/* Begin PBXResourcesBuildPhase section */
		54DD274B2448858300FA7003 /* Resources */ = {
			isa = PBXResourcesBuildPhase;
			buildActionMask = 2147483647;
			files = (
				54DD275D2448858500FA7003 /* LaunchScreen.storyboard in Resources */,
				54DD27802448A43E00FA7003 /* BASliderAssets.xcassets in Resources */,
				54C1BCAF24493D6D003D2DCC /* BASliderViewTwoButtonCell.xib in Resources */,
				54DD278D2448AFAA00FA7003 /* BASliderViewTextCell.xib in Resources */,
				54DD275A2448858500FA7003 /* Assets.xcassets in Resources */,
				54DD27762448876B00FA7003 /* BASliderViewController.xib in Resources */,
				54DD277E2448A40600FA7003 /* BASliderViewHeaderCell.xib in Resources */,
				54DD27892448AF8B00FA7003 /* BASliderViewImageCell.xib in Resources */,
				54DD27912448AFBC00FA7003 /* BASliderViewButtonCell.xib in Resources */,
				54DD27582448858300FA7003 /* Main.storyboard in Resources */,
			);
			runOnlyForDeploymentPostprocessing = 0;
		};
/* End PBXResourcesBuildPhase section */

/* Begin PBXSourcesBuildPhase section */
		54DD27492448858300FA7003 /* Sources */ = {
			isa = PBXSourcesBuildPhase;
			buildActionMask = 2147483647;
			files = (
				54C1BCA724493660003D2DCC /* BASliderViewDelegates.swift in Sources */,
				54DD27902448AFBC00FA7003 /* BASliderViewButtonCell.swift in Sources */,
				54DD27552448858300FA7003 /* ViewController.swift in Sources */,
				54DD27882448AF8B00FA7003 /* BASliderViewImageCell.swift in Sources */,
				54DD27932448D5D200FA7003 /* BASlideViewDefaultTableViewCell.swift in Sources */,
				543116A32449279400F1A95D /* BASliderProtocols.swift in Sources */,
				54C1BCA92449372D003D2DCC /* BASlideViewActionButton.swift in Sources */,
				54DD278C2448AFAA00FA7003 /* BASliderViewTextCell.swift in Sources */,
				54DD27752448876B00FA7003 /* BASliderViewController.swift in Sources */,
				54DD277D2448A40600FA7003 /* BASliderViewHeaderCell.swift in Sources */,
				54DD27822448A6A200FA7003 /* BASlideViewCellIdentifiers.swift in Sources */,
				54DD27512448858300FA7003 /* AppDelegate.swift in Sources */,
				54384DC024494A8300182291 /* BASliderItemProperties.swift in Sources */,
				54DD27532448858300FA7003 /* SceneDelegate.swift in Sources */,
				54DD27842448A9C000FA7003 /* BASliderViewCellProperties.swift in Sources */,
				54DD276E2448861300FA7003 /* SelfSizedTableView.swift in Sources */,
				54C1BCAE24493D6D003D2DCC /* BASliderViewTwoButtonCell.swift in Sources */,
				54DD2778244895C800FA7003 /* BASliderView.swift in Sources */,
				54DD277A244897B000FA7003 /* BASliderViewCellRegister.swift in Sources */,
			);
			runOnlyForDeploymentPostprocessing = 0;
		};
/* End PBXSourcesBuildPhase section */

/* Begin PBXVariantGroup section */
		54DD27562448858300FA7003 /* Main.storyboard */ = {
			isa = PBXVariantGroup;
			children = (
				54DD27572448858300FA7003 /* Base */,
			);
			name = Main.storyboard;
			sourceTree = "<group>";
		};
		54DD275B2448858500FA7003 /* LaunchScreen.storyboard */ = {
			isa = PBXVariantGroup;
			children = (
				54DD275C2448858500FA7003 /* Base */,
			);
			name = LaunchScreen.storyboard;
			sourceTree = "<group>";
		};
/* End PBXVariantGroup section */

/* Begin XCBuildConfiguration section */
		54DD275F2448858500FA7003 /* Debug */ = {
			isa = XCBuildConfiguration;
			buildSettings = {
				ALWAYS_SEARCH_USER_PATHS = NO;
				CLANG_ANALYZER_NONNULL = YES;
				CLANG_ANALYZER_NUMBER_OBJECT_CONVERSION = YES_AGGRESSIVE;
				CLANG_CXX_LANGUAGE_STANDARD = "gnu++14";
				CLANG_CXX_LIBRARY = "libc++";
				CLANG_ENABLE_MODULES = YES;
				CLANG_ENABLE_OBJC_ARC = YES;
				CLANG_ENABLE_OBJC_WEAK = YES;
				CLANG_WARN_BLOCK_CAPTURE_AUTORELEASING = YES;
				CLANG_WARN_BOOL_CONVERSION = YES;
				CLANG_WARN_COMMA = YES;
				CLANG_WARN_CONSTANT_CONVERSION = YES;
				CLANG_WARN_DEPRECATED_OBJC_IMPLEMENTATIONS = YES;
				CLANG_WARN_DIRECT_OBJC_ISA_USAGE = YES_ERROR;
				CLANG_WARN_DOCUMENTATION_COMMENTS = YES;
				CLANG_WARN_EMPTY_BODY = YES;
				CLANG_WARN_ENUM_CONVERSION = YES;
				CLANG_WARN_INFINITE_RECURSION = YES;
				CLANG_WARN_INT_CONVERSION = YES;
				CLANG_WARN_NON_LITERAL_NULL_CONVERSION = YES;
				CLANG_WARN_OBJC_IMPLICIT_RETAIN_SELF = YES;
				CLANG_WARN_OBJC_LITERAL_CONVERSION = YES;
				CLANG_WARN_OBJC_ROOT_CLASS = YES_ERROR;
				CLANG_WARN_RANGE_LOOP_ANALYSIS = YES;
				CLANG_WARN_STRICT_PROTOTYPES = YES;
				CLANG_WARN_SUSPICIOUS_MOVE = YES;
				CLANG_WARN_UNGUARDED_AVAILABILITY = YES_AGGRESSIVE;
				CLANG_WARN_UNREACHABLE_CODE = YES;
				CLANG_WARN__DUPLICATE_METHOD_MATCH = YES;
				COPY_PHASE_STRIP = NO;
				DEBUG_INFORMATION_FORMAT = dwarf;
				ENABLE_STRICT_OBJC_MSGSEND = YES;
				ENABLE_TESTABILITY = YES;
				GCC_C_LANGUAGE_STANDARD = gnu11;
				GCC_DYNAMIC_NO_PIC = NO;
				GCC_NO_COMMON_BLOCKS = YES;
				GCC_OPTIMIZATION_LEVEL = 0;
				GCC_PREPROCESSOR_DEFINITIONS = (
					"DEBUG=1",
					"$(inherited)",
				);
				GCC_WARN_64_TO_32_BIT_CONVERSION = YES;
				GCC_WARN_ABOUT_RETURN_TYPE = YES_ERROR;
				GCC_WARN_UNDECLARED_SELECTOR = YES;
				GCC_WARN_UNINITIALIZED_AUTOS = YES_AGGRESSIVE;
				GCC_WARN_UNUSED_FUNCTION = YES;
				GCC_WARN_UNUSED_VARIABLE = YES;
				IPHONEOS_DEPLOYMENT_TARGET = 13.2;
				MTL_ENABLE_DEBUG_INFO = INCLUDE_SOURCE;
				MTL_FAST_MATH = YES;
				ONLY_ACTIVE_ARCH = YES;
				SDKROOT = iphoneos;
				SWIFT_ACTIVE_COMPILATION_CONDITIONS = DEBUG;
				SWIFT_OPTIMIZATION_LEVEL = "-Onone";
			};
			name = Debug;
		};
		54DD27602448858500FA7003 /* Release */ = {
			isa = XCBuildConfiguration;
			buildSettings = {
				ALWAYS_SEARCH_USER_PATHS = NO;
				CLANG_ANALYZER_NONNULL = YES;
				CLANG_ANALYZER_NUMBER_OBJECT_CONVERSION = YES_AGGRESSIVE;
				CLANG_CXX_LANGUAGE_STANDARD = "gnu++14";
				CLANG_CXX_LIBRARY = "libc++";
				CLANG_ENABLE_MODULES = YES;
				CLANG_ENABLE_OBJC_ARC = YES;
				CLANG_ENABLE_OBJC_WEAK = YES;
				CLANG_WARN_BLOCK_CAPTURE_AUTORELEASING = YES;
				CLANG_WARN_BOOL_CONVERSION = YES;
				CLANG_WARN_COMMA = YES;
				CLANG_WARN_CONSTANT_CONVERSION = YES;
				CLANG_WARN_DEPRECATED_OBJC_IMPLEMENTATIONS = YES;
				CLANG_WARN_DIRECT_OBJC_ISA_USAGE = YES_ERROR;
				CLANG_WARN_DOCUMENTATION_COMMENTS = YES;
				CLANG_WARN_EMPTY_BODY = YES;
				CLANG_WARN_ENUM_CONVERSION = YES;
				CLANG_WARN_INFINITE_RECURSION = YES;
				CLANG_WARN_INT_CONVERSION = YES;
				CLANG_WARN_NON_LITERAL_NULL_CONVERSION = YES;
				CLANG_WARN_OBJC_IMPLICIT_RETAIN_SELF = YES;
				CLANG_WARN_OBJC_LITERAL_CONVERSION = YES;
				CLANG_WARN_OBJC_ROOT_CLASS = YES_ERROR;
				CLANG_WARN_RANGE_LOOP_ANALYSIS = YES;
				CLANG_WARN_STRICT_PROTOTYPES = YES;
				CLANG_WARN_SUSPICIOUS_MOVE = YES;
				CLANG_WARN_UNGUARDED_AVAILABILITY = YES_AGGRESSIVE;
				CLANG_WARN_UNREACHABLE_CODE = YES;
				CLANG_WARN__DUPLICATE_METHOD_MATCH = YES;
				COPY_PHASE_STRIP = NO;
				DEBUG_INFORMATION_FORMAT = "dwarf-with-dsym";
				ENABLE_NS_ASSERTIONS = NO;
				ENABLE_STRICT_OBJC_MSGSEND = YES;
				GCC_C_LANGUAGE_STANDARD = gnu11;
				GCC_NO_COMMON_BLOCKS = YES;
				GCC_WARN_64_TO_32_BIT_CONVERSION = YES;
				GCC_WARN_ABOUT_RETURN_TYPE = YES_ERROR;
				GCC_WARN_UNDECLARED_SELECTOR = YES;
				GCC_WARN_UNINITIALIZED_AUTOS = YES_AGGRESSIVE;
				GCC_WARN_UNUSED_FUNCTION = YES;
				GCC_WARN_UNUSED_VARIABLE = YES;
				IPHONEOS_DEPLOYMENT_TARGET = 13.2;
				MTL_ENABLE_DEBUG_INFO = NO;
				MTL_FAST_MATH = YES;
				SDKROOT = iphoneos;
				SWIFT_COMPILATION_MODE = wholemodule;
				SWIFT_OPTIMIZATION_LEVEL = "-O";
				VALIDATE_PRODUCT = YES;
			};
			name = Release;
		};
		54DD27622448858500FA7003 /* Debug */ = {
			isa = XCBuildConfiguration;
			buildSettings = {
				ASSETCATALOG_COMPILER_APPICON_NAME = AppIcon;
				CODE_SIGN_STYLE = Automatic;
				INFOPLIST_FILE = BASlider/Info.plist;
				LD_RUNPATH_SEARCH_PATHS = (
					"$(inherited)",
					"@executable_path/Frameworks",
				);
				PRODUCT_BUNDLE_IDENTIFIER = Betto.BASlider;
				PRODUCT_NAME = "$(TARGET_NAME)";
				SWIFT_VERSION = 5.0;
				TARGETED_DEVICE_FAMILY = 1;
			};
			name = Debug;
		};
		54DD27632448858500FA7003 /* Release */ = {
			isa = XCBuildConfiguration;
			buildSettings = {
				ASSETCATALOG_COMPILER_APPICON_NAME = AppIcon;
				CODE_SIGN_STYLE = Automatic;
				INFOPLIST_FILE = BASlider/Info.plist;
				LD_RUNPATH_SEARCH_PATHS = (
					"$(inherited)",
					"@executable_path/Frameworks",
				);
				PRODUCT_BUNDLE_IDENTIFIER = Betto.BASlider;
				PRODUCT_NAME = "$(TARGET_NAME)";
				SWIFT_VERSION = 5.0;
				TARGETED_DEVICE_FAMILY = 1;
			};
			name = Release;
		};
/* End XCBuildConfiguration section */

/* Begin XCConfigurationList section */
		54DD27482448858300FA7003 /* Build configuration list for PBXProject "BASlider" */ = {
			isa = XCConfigurationList;
			buildConfigurations = (
				54DD275F2448858500FA7003 /* Debug */,
				54DD27602448858500FA7003 /* Release */,
			);
			defaultConfigurationIsVisible = 0;
			defaultConfigurationName = Release;
		};
		54DD27612448858500FA7003 /* Build configuration list for PBXNativeTarget "BASlider" */ = {
			isa = XCConfigurationList;
			buildConfigurations = (
				54DD27622448858500FA7003 /* Debug */,
				54DD27632448858500FA7003 /* Release */,
			);
			defaultConfigurationIsVisible = 0;
			defaultConfigurationName = Release;
		};
/* End XCConfigurationList section */
	};
	rootObject = 54DD27452448858300FA7003 /* Project object */;
}
